// !$*UTF8*$!
{
	archiveVersion = 1;
	classes = {
	};
	objectVersion = 56;
	objects = {

/* Begin PBXBuildFile section */
		254B13B328FF8BF000DEF7F0 /* ProfileFilterView.swift in Sources */ = {isa = PBXBuildFile; fileRef = 254B13B228FF8BF000DEF7F0 /* ProfileFilterView.swift */; };
		254B13B528FF8D7E00DEF7F0 /* ProfileFilterCell.swift in Sources */ = {isa = PBXBuildFile; fileRef = 254B13B428FF8D7E00DEF7F0 /* ProfileFilterCell.swift */; };
		254B13C02900E82100DEF7F0 /* ProfileHeaderViewModel.swift in Sources */ = {isa = PBXBuildFile; fileRef = 254B13BF2900E82100DEF7F0 /* ProfileHeaderViewModel.swift */; };
		255CFD6928EFBD2200B3E6DA /* AppDelegate.swift in Sources */ = {isa = PBXBuildFile; fileRef = 255CFD6828EFBD2200B3E6DA /* AppDelegate.swift */; };
		255CFD6B28EFBD2200B3E6DA /* SceneDelegate.swift in Sources */ = {isa = PBXBuildFile; fileRef = 255CFD6A28EFBD2200B3E6DA /* SceneDelegate.swift */; };
		255CFD7228EFBD2300B3E6DA /* Assets.xcassets in Resources */ = {isa = PBXBuildFile; fileRef = 255CFD7128EFBD2300B3E6DA /* Assets.xcassets */; };
		255CFD7528EFBD2300B3E6DA /* LaunchScreen.storyboard in Resources */ = {isa = PBXBuildFile; fileRef = 255CFD7328EFBD2300B3E6DA /* LaunchScreen.storyboard */; };
		255CFD8328EFC7EA00B3E6DA /* MainTabController.swift in Sources */ = {isa = PBXBuildFile; fileRef = 255CFD8228EFC7EA00B3E6DA /* MainTabController.swift */; };
		255CFD8528EFC95700B3E6DA /* FeedController.swift in Sources */ = {isa = PBXBuildFile; fileRef = 255CFD8428EFC95700B3E6DA /* FeedController.swift */; };
		255CFD8728EFC98E00B3E6DA /* ExploreController.swift in Sources */ = {isa = PBXBuildFile; fileRef = 255CFD8628EFC98E00B3E6DA /* ExploreController.swift */; };
		255CFD8928EFC9BE00B3E6DA /* NotificationController.swift in Sources */ = {isa = PBXBuildFile; fileRef = 255CFD8828EFC9BE00B3E6DA /* NotificationController.swift */; };
		255CFD8B28EFC9DE00B3E6DA /* ConversationsController.swift in Sources */ = {isa = PBXBuildFile; fileRef = 255CFD8A28EFC9DE00B3E6DA /* ConversationsController.swift */; };
		255CFD8D28EFD48E00B3E6DA /* Extensions.swift in Sources */ = {isa = PBXBuildFile; fileRef = 255CFD8C28EFD48E00B3E6DA /* Extensions.swift */; };
		255CFD9028EFE93400B3E6DA /* LoginController.swift in Sources */ = {isa = PBXBuildFile; fileRef = 255CFD8F28EFE93400B3E6DA /* LoginController.swift */; };
		255CFD9228EFE99C00B3E6DA /* SignUpController.swift in Sources */ = {isa = PBXBuildFile; fileRef = 255CFD9128EFE99C00B3E6DA /* SignUpController.swift */; };
		255CFD9428F24CB400B3E6DA /* Utilities.swift in Sources */ = {isa = PBXBuildFile; fileRef = 255CFD9328F24CB400B3E6DA /* Utilities.swift */; };
		255CFD9628F2583A00B3E6DA /* GoogleService-Info.plist in Resources */ = {isa = PBXBuildFile; fileRef = 255CFD9528F2583A00B3E6DA /* GoogleService-Info.plist */; };
		255CFD9928F268C500B3E6DA /* FirebaseAnalyticsSwift in Frameworks */ = {isa = PBXBuildFile; productRef = 255CFD9828F268C500B3E6DA /* FirebaseAnalyticsSwift */; };
		255CFD9B28F268C500B3E6DA /* FirebaseAuth in Frameworks */ = {isa = PBXBuildFile; productRef = 255CFD9A28F268C500B3E6DA /* FirebaseAuth */; };
		255CFD9D28F268C500B3E6DA /* FirebaseCrashlytics in Frameworks */ = {isa = PBXBuildFile; productRef = 255CFD9C28F268C500B3E6DA /* FirebaseCrashlytics */; };
		255CFD9F28F268C500B3E6DA /* FirebaseDatabase in Frameworks */ = {isa = PBXBuildFile; productRef = 255CFD9E28F268C500B3E6DA /* FirebaseDatabase */; };
		255CFDA128F268C500B3E6DA /* FirebaseDatabaseSwift in Frameworks */ = {isa = PBXBuildFile; productRef = 255CFDA028F268C500B3E6DA /* FirebaseDatabaseSwift */; };
		255CFDA328F268C500B3E6DA /* FirebaseInAppMessagingSwift-Beta in Frameworks */ = {isa = PBXBuildFile; productRef = 255CFDA228F268C500B3E6DA /* FirebaseInAppMessagingSwift-Beta */; };
		255CFDA528F268C500B3E6DA /* FirebaseRemoteConfigSwift in Frameworks */ = {isa = PBXBuildFile; productRef = 255CFDA428F268C500B3E6DA /* FirebaseRemoteConfigSwift */; };
		255CFDA728F268C500B3E6DA /* FirebaseStorage in Frameworks */ = {isa = PBXBuildFile; productRef = 255CFDA628F268C500B3E6DA /* FirebaseStorage */; };
		255CFDA928F3A75800B3E6DA /* Constants.swift in Sources */ = {isa = PBXBuildFile; fileRef = 255CFDA828F3A75800B3E6DA /* Constants.swift */; };
		255CFDAB28F3ADC700B3E6DA /* AuthService.swift in Sources */ = {isa = PBXBuildFile; fileRef = 255CFDAA28F3ADC700B3E6DA /* AuthService.swift */; };
		255CFDB428F6547000B3E6DA /* UserService.swift in Sources */ = {isa = PBXBuildFile; fileRef = 255CFDB328F6547000B3E6DA /* UserService.swift */; };
		255CFDDB28F76BD200B3E6DA /* User.swift in Sources */ = {isa = PBXBuildFile; fileRef = 255CFDDA28F76BD200B3E6DA /* User.swift */; };
		255CFDDE28F7712300B3E6DA /* SDWebImage in Frameworks */ = {isa = PBXBuildFile; productRef = 255CFDDD28F7712300B3E6DA /* SDWebImage */; };
		255CFDE028F7917F00B3E6DA /* ABTest.swift in Sources */ = {isa = PBXBuildFile; fileRef = 255CFDDF28F7917F00B3E6DA /* ABTest.swift */; };
		255CFDE228F7A08B00B3E6DA /* UploadTweetController.swift in Sources */ = {isa = PBXBuildFile; fileRef = 255CFDE128F7A08B00B3E6DA /* UploadTweetController.swift */; };
		255CFDE428F8E8FA00B3E6DA /* CaptionTextView.swift in Sources */ = {isa = PBXBuildFile; fileRef = 255CFDE328F8E8FA00B3E6DA /* CaptionTextView.swift */; };
		255CFDE628F8EDAA00B3E6DA /* TweetService.swift in Sources */ = {isa = PBXBuildFile; fileRef = 255CFDE528F8EDAA00B3E6DA /* TweetService.swift */; };
		255CFDE828F8F48E00B3E6DA /* Tweet.swift in Sources */ = {isa = PBXBuildFile; fileRef = 255CFDE728F8F48E00B3E6DA /* Tweet.swift */; };
		25E557C728F8FB0500B00FE4 /* TweetCell.swift in Sources */ = {isa = PBXBuildFile; fileRef = 25E557C628F8FB0500B00FE4 /* TweetCell.swift */; };
		25E5583A28FB79AD00B00FE4 /* TweetViewModel.swift in Sources */ = {isa = PBXBuildFile; fileRef = 25E5583928FB79AD00B00FE4 /* TweetViewModel.swift */; };
		25E5586628FCF3B900B00FE4 /* ProfileController.swift in Sources */ = {isa = PBXBuildFile; fileRef = 25E5586528FCF3B900B00FE4 /* ProfileController.swift */; };
		25E5586828FD063300B00FE4 /* ProfileHeader.swift in Sources */ = {isa = PBXBuildFile; fileRef = 25E5586728FD063300B00FE4 /* ProfileHeader.swift */; };
/* End PBXBuildFile section */

/* Begin PBXFileReference section */
		254B13B228FF8BF000DEF7F0 /* ProfileFilterView.swift */ = {isa = PBXFileReference; lastKnownFileType = sourcecode.swift; path = ProfileFilterView.swift; sourceTree = "<group>"; };
		254B13B428FF8D7E00DEF7F0 /* ProfileFilterCell.swift */ = {isa = PBXFileReference; lastKnownFileType = sourcecode.swift; path = ProfileFilterCell.swift; sourceTree = "<group>"; };
		254B13BF2900E82100DEF7F0 /* ProfileHeaderViewModel.swift */ = {isa = PBXFileReference; lastKnownFileType = sourcecode.swift; path = ProfileHeaderViewModel.swift; sourceTree = "<group>"; };
		255CFD6528EFBD2200B3E6DA /* TwitterClone.app */ = {isa = PBXFileReference; explicitFileType = wrapper.application; includeInIndex = 0; path = TwitterClone.app; sourceTree = BUILT_PRODUCTS_DIR; };
		255CFD6828EFBD2200B3E6DA /* AppDelegate.swift */ = {isa = PBXFileReference; lastKnownFileType = sourcecode.swift; path = AppDelegate.swift; sourceTree = "<group>"; };
		255CFD6A28EFBD2200B3E6DA /* SceneDelegate.swift */ = {isa = PBXFileReference; lastKnownFileType = sourcecode.swift; path = SceneDelegate.swift; sourceTree = "<group>"; };
		255CFD7128EFBD2300B3E6DA /* Assets.xcassets */ = {isa = PBXFileReference; lastKnownFileType = folder.assetcatalog; path = Assets.xcassets; sourceTree = "<group>"; };
		255CFD7428EFBD2300B3E6DA /* Base */ = {isa = PBXFileReference; lastKnownFileType = file.storyboard; name = Base; path = Base.lproj/LaunchScreen.storyboard; sourceTree = "<group>"; };
		255CFD7628EFBD2300B3E6DA /* Info.plist */ = {isa = PBXFileReference; lastKnownFileType = text.plist.xml; path = Info.plist; sourceTree = "<group>"; };
		255CFD8228EFC7EA00B3E6DA /* MainTabController.swift */ = {isa = PBXFileReference; lastKnownFileType = sourcecode.swift; path = MainTabController.swift; sourceTree = "<group>"; };
		255CFD8428EFC95700B3E6DA /* FeedController.swift */ = {isa = PBXFileReference; lastKnownFileType = sourcecode.swift; path = FeedController.swift; sourceTree = "<group>"; };
		255CFD8628EFC98E00B3E6DA /* ExploreController.swift */ = {isa = PBXFileReference; lastKnownFileType = sourcecode.swift; path = ExploreController.swift; sourceTree = "<group>"; };
		255CFD8828EFC9BE00B3E6DA /* NotificationController.swift */ = {isa = PBXFileReference; lastKnownFileType = sourcecode.swift; path = NotificationController.swift; sourceTree = "<group>"; };
		255CFD8A28EFC9DE00B3E6DA /* ConversationsController.swift */ = {isa = PBXFileReference; lastKnownFileType = sourcecode.swift; path = ConversationsController.swift; sourceTree = "<group>"; };
		255CFD8C28EFD48E00B3E6DA /* Extensions.swift */ = {isa = PBXFileReference; lastKnownFileType = sourcecode.swift; path = Extensions.swift; sourceTree = "<group>"; };
		255CFD8F28EFE93400B3E6DA /* LoginController.swift */ = {isa = PBXFileReference; lastKnownFileType = sourcecode.swift; path = LoginController.swift; sourceTree = "<group>"; };
		255CFD9128EFE99C00B3E6DA /* SignUpController.swift */ = {isa = PBXFileReference; lastKnownFileType = sourcecode.swift; path = SignUpController.swift; sourceTree = "<group>"; };
		255CFD9328F24CB400B3E6DA /* Utilities.swift */ = {isa = PBXFileReference; lastKnownFileType = sourcecode.swift; path = Utilities.swift; sourceTree = "<group>"; };
		255CFD9528F2583A00B3E6DA /* GoogleService-Info.plist */ = {isa = PBXFileReference; fileEncoding = 4; lastKnownFileType = text.plist.xml; path = "GoogleService-Info.plist"; sourceTree = "<group>"; };
		255CFDA828F3A75800B3E6DA /* Constants.swift */ = {isa = PBXFileReference; lastKnownFileType = sourcecode.swift; path = Constants.swift; sourceTree = "<group>"; };
		255CFDAA28F3ADC700B3E6DA /* AuthService.swift */ = {isa = PBXFileReference; lastKnownFileType = sourcecode.swift; path = AuthService.swift; sourceTree = "<group>"; };
		255CFDB328F6547000B3E6DA /* UserService.swift */ = {isa = PBXFileReference; lastKnownFileType = sourcecode.swift; path = UserService.swift; sourceTree = "<group>"; };
		255CFDDA28F76BD200B3E6DA /* User.swift */ = {isa = PBXFileReference; lastKnownFileType = sourcecode.swift; path = User.swift; sourceTree = "<group>"; };
		255CFDDF28F7917F00B3E6DA /* ABTest.swift */ = {isa = PBXFileReference; lastKnownFileType = sourcecode.swift; path = ABTest.swift; sourceTree = "<group>"; };
		255CFDE128F7A08B00B3E6DA /* UploadTweetController.swift */ = {isa = PBXFileReference; lastKnownFileType = sourcecode.swift; path = UploadTweetController.swift; sourceTree = "<group>"; };
		255CFDE328F8E8FA00B3E6DA /* CaptionTextView.swift */ = {isa = PBXFileReference; lastKnownFileType = sourcecode.swift; path = CaptionTextView.swift; sourceTree = "<group>"; };
		255CFDE528F8EDAA00B3E6DA /* TweetService.swift */ = {isa = PBXFileReference; lastKnownFileType = sourcecode.swift; path = TweetService.swift; sourceTree = "<group>"; };
		255CFDE728F8F48E00B3E6DA /* Tweet.swift */ = {isa = PBXFileReference; lastKnownFileType = sourcecode.swift; path = Tweet.swift; sourceTree = "<group>"; };
		25E557C628F8FB0500B00FE4 /* TweetCell.swift */ = {isa = PBXFileReference; lastKnownFileType = sourcecode.swift; path = TweetCell.swift; sourceTree = "<group>"; };
		25E5583928FB79AD00B00FE4 /* TweetViewModel.swift */ = {isa = PBXFileReference; lastKnownFileType = sourcecode.swift; path = TweetViewModel.swift; sourceTree = "<group>"; };
		25E5586528FCF3B900B00FE4 /* ProfileController.swift */ = {isa = PBXFileReference; lastKnownFileType = sourcecode.swift; path = ProfileController.swift; sourceTree = "<group>"; };
		25E5586728FD063300B00FE4 /* ProfileHeader.swift */ = {isa = PBXFileReference; lastKnownFileType = sourcecode.swift; path = ProfileHeader.swift; sourceTree = "<group>"; };
/* End PBXFileReference section */

/* Begin PBXFrameworksBuildPhase section */
		255CFD6228EFBD2200B3E6DA /* Frameworks */ = {
			isa = PBXFrameworksBuildPhase;
			buildActionMask = 2147483647;
			files = (
				255CFDA128F268C500B3E6DA /* FirebaseDatabaseSwift in Frameworks */,
				255CFD9D28F268C500B3E6DA /* FirebaseCrashlytics in Frameworks */,
				255CFD9928F268C500B3E6DA /* FirebaseAnalyticsSwift in Frameworks */,
				255CFDA528F268C500B3E6DA /* FirebaseRemoteConfigSwift in Frameworks */,
				255CFD9F28F268C500B3E6DA /* FirebaseDatabase in Frameworks */,
				255CFDA728F268C500B3E6DA /* FirebaseStorage in Frameworks */,
				255CFDDE28F7712300B3E6DA /* SDWebImage in Frameworks */,
				255CFDA328F268C500B3E6DA /* FirebaseInAppMessagingSwift-Beta in Frameworks */,
				255CFD9B28F268C500B3E6DA /* FirebaseAuth in Frameworks */,
			);
			runOnlyForDeploymentPostprocessing = 0;
		};
/* End PBXFrameworksBuildPhase section */

/* Begin PBXGroup section */
		255CFD5C28EFBD2200B3E6DA = {
			isa = PBXGroup;
			children = (
				255CFD6728EFBD2200B3E6DA /* TwitterClone */,
				255CFD6628EFBD2200B3E6DA /* Products */,
			);
			sourceTree = "<group>";
		};
		255CFD6628EFBD2200B3E6DA /* Products */ = {
			isa = PBXGroup;
			children = (
				255CFD6528EFBD2200B3E6DA /* TwitterClone.app */,
			);
			name = Products;
			sourceTree = "<group>";
		};
		255CFD6728EFBD2200B3E6DA /* TwitterClone */ = {
			isa = PBXGroup;
			children = (
				255CFD8028EFBE0500B3E6DA /* Model */,
				255CFD7F28EFBE0200B3E6DA /* View */,
				255CFD7E28EFBDFD00B3E6DA /* ViewModel */,
				255CFD7D28EFBDF900B3E6DA /* Controller */,
				255CFD7C28EFBDEA00B3E6DA /* API */,
				255CFD8128EFBE2800B3E6DA /* Utils */,
				255CFD6828EFBD2200B3E6DA /* AppDelegate.swift */,
				255CFD6A28EFBD2200B3E6DA /* SceneDelegate.swift */,
				255CFD7128EFBD2300B3E6DA /* Assets.xcassets */,
				255CFD7328EFBD2300B3E6DA /* LaunchScreen.storyboard */,
				255CFD7628EFBD2300B3E6DA /* Info.plist */,
				255CFD9528F2583A00B3E6DA /* GoogleService-Info.plist */,
			);
			path = TwitterClone;
			sourceTree = "<group>";
		};
		255CFD7C28EFBDEA00B3E6DA /* API */ = {
			isa = PBXGroup;
			children = (
				255CFDAA28F3ADC700B3E6DA /* AuthService.swift */,
				255CFDB328F6547000B3E6DA /* UserService.swift */,
				255CFDE528F8EDAA00B3E6DA /* TweetService.swift */,
			);
			path = API;
			sourceTree = "<group>";
		};
		255CFD7D28EFBDF900B3E6DA /* Controller */ = {
			isa = PBXGroup;
			children = (
				255CFD8E28EFE91700B3E6DA /* Authentication */,
				255CFD8228EFC7EA00B3E6DA /* MainTabController.swift */,
				255CFD8428EFC95700B3E6DA /* FeedController.swift */,
				255CFD8628EFC98E00B3E6DA /* ExploreController.swift */,
				255CFD8828EFC9BE00B3E6DA /* NotificationController.swift */,
				255CFD8A28EFC9DE00B3E6DA /* ConversationsController.swift */,
				255CFDE128F7A08B00B3E6DA /* UploadTweetController.swift */,
				25E5586528FCF3B900B00FE4 /* ProfileController.swift */,
			);
			path = Controller;
			sourceTree = "<group>";
		};
		255CFD7E28EFBDFD00B3E6DA /* ViewModel */ = {
			isa = PBXGroup;
			children = (
				25E5583928FB79AD00B00FE4 /* TweetViewModel.swift */,
				254B13BF2900E82100DEF7F0 /* ProfileHeaderViewModel.swift */,
			);
			path = ViewModel;
			sourceTree = "<group>";
		};
		255CFD7F28EFBE0200B3E6DA /* View */ = {
			isa = PBXGroup;
			children = (
				255CFDE328F8E8FA00B3E6DA /* CaptionTextView.swift */,
				25E557C628F8FB0500B00FE4 /* TweetCell.swift */,
				25E5586728FD063300B00FE4 /* ProfileHeader.swift */,
				254B13B228FF8BF000DEF7F0 /* ProfileFilterView.swift */,
				254B13B428FF8D7E00DEF7F0 /* ProfileFilterCell.swift */,
			);
			path = View;
			sourceTree = "<group>";
		};
		255CFD8028EFBE0500B3E6DA /* Model */ = {
			isa = PBXGroup;
			children = (
				255CFDDA28F76BD200B3E6DA /* User.swift */,
				255CFDE728F8F48E00B3E6DA /* Tweet.swift */,
			);
			path = Model;
			sourceTree = "<group>";
		};
		255CFD8128EFBE2800B3E6DA /* Utils */ = {
			isa = PBXGroup;
			children = (
				255CFD8C28EFD48E00B3E6DA /* Extensions.swift */,
				255CFD9328F24CB400B3E6DA /* Utilities.swift */,
				255CFDA828F3A75800B3E6DA /* Constants.swift */,
				255CFDDF28F7917F00B3E6DA /* ABTest.swift */,
			);
			path = Utils;
			sourceTree = "<group>";
		};
		255CFD8E28EFE91700B3E6DA /* Authentication */ = {
			isa = PBXGroup;
			children = (
				255CFD8F28EFE93400B3E6DA /* LoginController.swift */,
				255CFD9128EFE99C00B3E6DA /* SignUpController.swift */,
			);
			path = Authentication;
			sourceTree = "<group>";
		};
/* End PBXGroup section */

/* Begin PBXNativeTarget section */
		255CFD6428EFBD2200B3E6DA /* TwitterClone */ = {
			isa = PBXNativeTarget;
			buildConfigurationList = 255CFD7928EFBD2300B3E6DA /* Build configuration list for PBXNativeTarget "TwitterClone" */;
			buildPhases = (
				255CFD6128EFBD2200B3E6DA /* Sources */,
				255CFD6228EFBD2200B3E6DA /* Frameworks */,
				255CFD6328EFBD2200B3E6DA /* Resources */,
			);
			buildRules = (
			);
			dependencies = (
			);
			name = TwitterClone;
			packageProductDependencies = (
				255CFD9828F268C500B3E6DA /* FirebaseAnalyticsSwift */,
				255CFD9A28F268C500B3E6DA /* FirebaseAuth */,
				255CFD9C28F268C500B3E6DA /* FirebaseCrashlytics */,
				255CFD9E28F268C500B3E6DA /* FirebaseDatabase */,
				255CFDA028F268C500B3E6DA /* FirebaseDatabaseSwift */,
				255CFDA228F268C500B3E6DA /* FirebaseInAppMessagingSwift-Beta */,
				255CFDA428F268C500B3E6DA /* FirebaseRemoteConfigSwift */,
				255CFDA628F268C500B3E6DA /* FirebaseStorage */,
				255CFDDD28F7712300B3E6DA /* SDWebImage */,
			);
			productName = TwitterClone;
			productReference = 255CFD6528EFBD2200B3E6DA /* TwitterClone.app */;
			productType = "com.apple.product-type.application";
		};
/* End PBXNativeTarget section */

/* Begin PBXProject section */
		255CFD5D28EFBD2200B3E6DA /* Project object */ = {
			isa = PBXProject;
			attributes = {
				BuildIndependentTargetsInParallel = 1;
				LastSwiftUpdateCheck = 1400;
				LastUpgradeCheck = 1400;
				TargetAttributes = {
					255CFD6428EFBD2200B3E6DA = {
						CreatedOnToolsVersion = 14.0.1;
					};
				};
			};
			buildConfigurationList = 255CFD6028EFBD2200B3E6DA /* Build configuration list for PBXProject "TwitterClone" */;
			compatibilityVersion = "Xcode 14.0";
			developmentRegion = en;
			hasScannedForEncodings = 0;
			knownRegions = (
				en,
				Base,
			);
			mainGroup = 255CFD5C28EFBD2200B3E6DA;
			packageReferences = (
				255CFD9728F268C500B3E6DA /* XCRemoteSwiftPackageReference "firebase-ios-sdk" */,
				255CFDDC28F7712300B3E6DA /* XCRemoteSwiftPackageReference "SDWebImage" */,
			);
			productRefGroup = 255CFD6628EFBD2200B3E6DA /* Products */;
			projectDirPath = "";
			projectRoot = "";
			targets = (
				255CFD6428EFBD2200B3E6DA /* TwitterClone */,
			);
		};
/* End PBXProject section */

/* Begin PBXResourcesBuildPhase section */
		255CFD6328EFBD2200B3E6DA /* Resources */ = {
			isa = PBXResourcesBuildPhase;
			buildActionMask = 2147483647;
			files = (
				255CFD7528EFBD2300B3E6DA /* LaunchScreen.storyboard in Resources */,
				255CFD9628F2583A00B3E6DA /* GoogleService-Info.plist in Resources */,
				255CFD7228EFBD2300B3E6DA /* Assets.xcassets in Resources */,
			);
			runOnlyForDeploymentPostprocessing = 0;
		};
/* End PBXResourcesBuildPhase section */

/* Begin PBXSourcesBuildPhase section */
		255CFD6128EFBD2200B3E6DA /* Sources */ = {
			isa = PBXSourcesBuildPhase;
			buildActionMask = 2147483647;
			files = (
				255CFDB428F6547000B3E6DA /* UserService.swift in Sources */,
				255CFDE628F8EDAA00B3E6DA /* TweetService.swift in Sources */,
				255CFD8928EFC9BE00B3E6DA /* NotificationController.swift in Sources */,
				255CFD8B28EFC9DE00B3E6DA /* ConversationsController.swift in Sources */,
				255CFD9428F24CB400B3E6DA /* Utilities.swift in Sources */,
				255CFDE228F7A08B00B3E6DA /* UploadTweetController.swift in Sources */,
				255CFD6928EFBD2200B3E6DA /* AppDelegate.swift in Sources */,
				255CFDE428F8E8FA00B3E6DA /* CaptionTextView.swift in Sources */,
				254B13B328FF8BF000DEF7F0 /* ProfileFilterView.swift in Sources */,
				25E5586828FD063300B00FE4 /* ProfileHeader.swift in Sources */,
				255CFD8D28EFD48E00B3E6DA /* Extensions.swift in Sources */,
				254B13C02900E82100DEF7F0 /* ProfileHeaderViewModel.swift in Sources */,
				25E5586628FCF3B900B00FE4 /* ProfileController.swift in Sources */,
				255CFD9028EFE93400B3E6DA /* LoginController.swift in Sources */,
				255CFDAB28F3ADC700B3E6DA /* AuthService.swift in Sources */,
				255CFDE828F8F48E00B3E6DA /* Tweet.swift in Sources */,
				254B13B528FF8D7E00DEF7F0 /* ProfileFilterCell.swift in Sources */,
				25E5583A28FB79AD00B00FE4 /* TweetViewModel.swift in Sources */,
				255CFDDB28F76BD200B3E6DA /* User.swift in Sources */,
				255CFD9228EFE99C00B3E6DA /* SignUpController.swift in Sources */,
				255CFDE028F7917F00B3E6DA /* ABTest.swift in Sources */,
				25E557C728F8FB0500B00FE4 /* TweetCell.swift in Sources */,
				255CFD8728EFC98E00B3E6DA /* ExploreController.swift in Sources */,
				255CFD6B28EFBD2200B3E6DA /* SceneDelegate.swift in Sources */,
				255CFD8328EFC7EA00B3E6DA /* MainTabController.swift in Sources */,
				255CFD8528EFC95700B3E6DA /* FeedController.swift in Sources */,
				255CFDA928F3A75800B3E6DA /* Constants.swift in Sources */,
			);
			runOnlyForDeploymentPostprocessing = 0;
		};
/* End PBXSourcesBuildPhase section */

/* Begin PBXVariantGroup section */
		255CFD7328EFBD2300B3E6DA /* LaunchScreen.storyboard */ = {
			isa = PBXVariantGroup;
			children = (
				255CFD7428EFBD2300B3E6DA /* Base */,
			);
			name = LaunchScreen.storyboard;
			sourceTree = "<group>";
		};
/* End PBXVariantGroup section */

/* Begin XCBuildConfiguration section */
		255CFD7728EFBD2300B3E6DA /* Debug */ = {
			isa = XCBuildConfiguration;
			buildSettings = {
				ALWAYS_SEARCH_USER_PATHS = NO;
				CLANG_ANALYZER_NONNULL = YES;
				CLANG_ANALYZER_NUMBER_OBJECT_CONVERSION = YES_AGGRESSIVE;
				CLANG_CXX_LANGUAGE_STANDARD = "gnu++20";
				CLANG_ENABLE_MODULES = YES;
				CLANG_ENABLE_OBJC_ARC = YES;
				CLANG_ENABLE_OBJC_WEAK = YES;
				CLANG_WARN_BLOCK_CAPTURE_AUTORELEASING = YES;
				CLANG_WARN_BOOL_CONVERSION = YES;
				CLANG_WARN_COMMA = YES;
				CLANG_WARN_CONSTANT_CONVERSION = YES;
				CLANG_WARN_DEPRECATED_OBJC_IMPLEMENTATIONS = YES;
				CLANG_WARN_DIRECT_OBJC_ISA_USAGE = YES_ERROR;
				CLANG_WARN_DOCUMENTATION_COMMENTS = YES;
				CLANG_WARN_EMPTY_BODY = YES;
				CLANG_WARN_ENUM_CONVERSION = YES;
				CLANG_WARN_INFINITE_RECURSION = YES;
				CLANG_WARN_INT_CONVERSION = YES;
				CLANG_WARN_NON_LITERAL_NULL_CONVERSION = YES;
				CLANG_WARN_OBJC_IMPLICIT_RETAIN_SELF = YES;
				CLANG_WARN_OBJC_LITERAL_CONVERSION = YES;
				CLANG_WARN_OBJC_ROOT_CLASS = YES_ERROR;
				CLANG_WARN_QUOTED_INCLUDE_IN_FRAMEWORK_HEADER = YES;
				CLANG_WARN_RANGE_LOOP_ANALYSIS = YES;
				CLANG_WARN_STRICT_PROTOTYPES = YES;
				CLANG_WARN_SUSPICIOUS_MOVE = YES;
				CLANG_WARN_UNGUARDED_AVAILABILITY = YES_AGGRESSIVE;
				CLANG_WARN_UNREACHABLE_CODE = YES;
				CLANG_WARN__DUPLICATE_METHOD_MATCH = YES;
				COPY_PHASE_STRIP = NO;
				DEBUG_INFORMATION_FORMAT = dwarf;
				ENABLE_STRICT_OBJC_MSGSEND = YES;
				ENABLE_TESTABILITY = YES;
				GCC_C_LANGUAGE_STANDARD = gnu11;
				GCC_DYNAMIC_NO_PIC = NO;
				GCC_NO_COMMON_BLOCKS = YES;
				GCC_OPTIMIZATION_LEVEL = 0;
				GCC_PREPROCESSOR_DEFINITIONS = (
					"DEBUG=1",
					"$(inherited)",
				);
				GCC_WARN_64_TO_32_BIT_CONVERSION = YES;
				GCC_WARN_ABOUT_RETURN_TYPE = YES_ERROR;
				GCC_WARN_UNDECLARED_SELECTOR = YES;
				GCC_WARN_UNINITIALIZED_AUTOS = YES_AGGRESSIVE;
				GCC_WARN_UNUSED_FUNCTION = YES;
				GCC_WARN_UNUSED_VARIABLE = YES;
				IPHONEOS_DEPLOYMENT_TARGET = 16.0;
				MTL_ENABLE_DEBUG_INFO = INCLUDE_SOURCE;
				MTL_FAST_MATH = YES;
				ONLY_ACTIVE_ARCH = YES;
				SDKROOT = iphoneos;
				SWIFT_ACTIVE_COMPILATION_CONDITIONS = DEBUG;
				SWIFT_OPTIMIZATION_LEVEL = "-Onone";
			};
			name = Debug;
		};
		255CFD7828EFBD2300B3E6DA /* Release */ = {
			isa = XCBuildConfiguration;
			buildSettings = {
				ALWAYS_SEARCH_USER_PATHS = NO;
				CLANG_ANALYZER_NONNULL = YES;
				CLANG_ANALYZER_NUMBER_OBJECT_CONVERSION = YES_AGGRESSIVE;
				CLANG_CXX_LANGUAGE_STANDARD = "gnu++20";
				CLANG_ENABLE_MODULES = YES;
				CLANG_ENABLE_OBJC_ARC = YES;
				CLANG_ENABLE_OBJC_WEAK = YES;
				CLANG_WARN_BLOCK_CAPTURE_AUTORELEASING = YES;
				CLANG_WARN_BOOL_CONVERSION = YES;
				CLANG_WARN_COMMA = YES;
				CLANG_WARN_CONSTANT_CONVERSION = YES;
				CLANG_WARN_DEPRECATED_OBJC_IMPLEMENTATIONS = YES;
				CLANG_WARN_DIRECT_OBJC_ISA_USAGE = YES_ERROR;
				CLANG_WARN_DOCUMENTATION_COMMENTS = YES;
				CLANG_WARN_EMPTY_BODY = YES;
				CLANG_WARN_ENUM_CONVERSION = YES;
				CLANG_WARN_INFINITE_RECURSION = YES;
				CLANG_WARN_INT_CONVERSION = YES;
				CLANG_WARN_NON_LITERAL_NULL_CONVERSION = YES;
				CLANG_WARN_OBJC_IMPLICIT_RETAIN_SELF = YES;
				CLANG_WARN_OBJC_LITERAL_CONVERSION = YES;
				CLANG_WARN_OBJC_ROOT_CLASS = YES_ERROR;
				CLANG_WARN_QUOTED_INCLUDE_IN_FRAMEWORK_HEADER = YES;
				CLANG_WARN_RANGE_LOOP_ANALYSIS = YES;
				CLANG_WARN_STRICT_PROTOTYPES = YES;
				CLANG_WARN_SUSPICIOUS_MOVE = YES;
				CLANG_WARN_UNGUARDED_AVAILABILITY = YES_AGGRESSIVE;
				CLANG_WARN_UNREACHABLE_CODE = YES;
				CLANG_WARN__DUPLICATE_METHOD_MATCH = YES;
				COPY_PHASE_STRIP = NO;
				DEBUG_INFORMATION_FORMAT = "dwarf-with-dsym";
				ENABLE_NS_ASSERTIONS = NO;
				ENABLE_STRICT_OBJC_MSGSEND = YES;
				GCC_C_LANGUAGE_STANDARD = gnu11;
				GCC_NO_COMMON_BLOCKS = YES;
				GCC_WARN_64_TO_32_BIT_CONVERSION = YES;
				GCC_WARN_ABOUT_RETURN_TYPE = YES_ERROR;
				GCC_WARN_UNDECLARED_SELECTOR = YES;
				GCC_WARN_UNINITIALIZED_AUTOS = YES_AGGRESSIVE;
				GCC_WARN_UNUSED_FUNCTION = YES;
				GCC_WARN_UNUSED_VARIABLE = YES;
				IPHONEOS_DEPLOYMENT_TARGET = 16.0;
				MTL_ENABLE_DEBUG_INFO = NO;
				MTL_FAST_MATH = YES;
				SDKROOT = iphoneos;
				SWIFT_COMPILATION_MODE = wholemodule;
				SWIFT_OPTIMIZATION_LEVEL = "-O";
				VALIDATE_PRODUCT = YES;
			};
			name = Release;
		};
		255CFD7A28EFBD2300B3E6DA /* Debug */ = {
			isa = XCBuildConfiguration;
			buildSettings = {
				ASSETCATALOG_COMPILER_APPICON_NAME = AppIcon;
				ASSETCATALOG_COMPILER_GLOBAL_ACCENT_COLOR_NAME = AccentColor;
				CODE_SIGN_STYLE = Automatic;
				CURRENT_PROJECT_VERSION = 1;
				DEVELOPMENT_TEAM = 7SA8N5B57Q;
				GENERATE_INFOPLIST_FILE = YES;
				INFOPLIST_FILE = TwitterClone/Info.plist;
				INFOPLIST_KEY_UIApplicationSupportsIndirectInputEvents = YES;
				INFOPLIST_KEY_UILaunchStoryboardName = LaunchScreen;
				INFOPLIST_KEY_UISupportedInterfaceOrientations_iPad = "UIInterfaceOrientationPortrait UIInterfaceOrientationPortraitUpsideDown UIInterfaceOrientationLandscapeLeft UIInterfaceOrientationLandscapeRight";
				INFOPLIST_KEY_UISupportedInterfaceOrientations_iPhone = "UIInterfaceOrientationPortrait UIInterfaceOrientationLandscapeLeft UIInterfaceOrientationLandscapeRight";
				LD_RUNPATH_SEARCH_PATHS = (
					"$(inherited)",
					"@executable_path/Frameworks",
				);
				MARKETING_VERSION = 1.0;
				PRODUCT_BUNDLE_IDENTIFIER = com.aliapps.TwitterClone;
				PRODUCT_NAME = "$(TARGET_NAME)";
				SWIFT_EMIT_LOC_STRINGS = YES;
				SWIFT_VERSION = 5.0;
				TARGETED_DEVICE_FAMILY = "1,2";
			};
			name = Debug;
		};
		255CFD7B28EFBD2300B3E6DA /* Release */ = {
			isa = XCBuildConfiguration;
			buildSettings = {
				ASSETCATALOG_COMPILER_APPICON_NAME = AppIcon;
				ASSETCATALOG_COMPILER_GLOBAL_ACCENT_COLOR_NAME = AccentColor;
				CODE_SIGN_STYLE = Automatic;
				CURRENT_PROJECT_VERSION = 1;
				DEVELOPMENT_TEAM = 7SA8N5B57Q;
				GENERATE_INFOPLIST_FILE = YES;
				INFOPLIST_FILE = TwitterClone/Info.plist;
				INFOPLIST_KEY_UIApplicationSupportsIndirectInputEvents = YES;
				INFOPLIST_KEY_UILaunchStoryboardName = LaunchScreen;
				INFOPLIST_KEY_UISupportedInterfaceOrientations_iPad = "UIInterfaceOrientationPortrait UIInterfaceOrientationPortraitUpsideDown UIInterfaceOrientationLandscapeLeft UIInterfaceOrientationLandscapeRight";
				INFOPLIST_KEY_UISupportedInterfaceOrientations_iPhone = "UIInterfaceOrientationPortrait UIInterfaceOrientationLandscapeLeft UIInterfaceOrientationLandscapeRight";
				LD_RUNPATH_SEARCH_PATHS = (
					"$(inherited)",
					"@executable_path/Frameworks",
				);
				MARKETING_VERSION = 1.0;
				PRODUCT_BUNDLE_IDENTIFIER = com.aliapps.TwitterClone;
				PRODUCT_NAME = "$(TARGET_NAME)";
				SWIFT_EMIT_LOC_STRINGS = YES;
				SWIFT_VERSION = 5.0;
				TARGETED_DEVICE_FAMILY = "1,2";
			};
			name = Release;
		};
/* End XCBuildConfiguration section */

/* Begin XCConfigurationList section */
		255CFD6028EFBD2200B3E6DA /* Build configuration list for PBXProject "TwitterClone" */ = {
			isa = XCConfigurationList;
			buildConfigurations = (
				255CFD7728EFBD2300B3E6DA /* Debug */,
				255CFD7828EFBD2300B3E6DA /* Release */,
			);
			defaultConfigurationIsVisible = 0;
			defaultConfigurationName = Release;
		};
		255CFD7928EFBD2300B3E6DA /* Build configuration list for PBXNativeTarget "TwitterClone" */ = {
			isa = XCConfigurationList;
			buildConfigurations = (
				255CFD7A28EFBD2300B3E6DA /* Debug */,
				255CFD7B28EFBD2300B3E6DA /* Release */,
			);
			defaultConfigurationIsVisible = 0;
			defaultConfigurationName = Release;
		};
/* End XCConfigurationList section */

/* Begin XCRemoteSwiftPackageReference section */
		255CFD9728F268C500B3E6DA /* XCRemoteSwiftPackageReference "firebase-ios-sdk" */ = {
			isa = XCRemoteSwiftPackageReference;
			repositoryURL = "https://github.com/firebase/firebase-ios-sdk";
			requirement = {
				kind = upToNextMajorVersion;
				minimumVersion = 9.0.0;
			};
		};
		255CFDDC28F7712300B3E6DA /* XCRemoteSwiftPackageReference "SDWebImage" */ = {
			isa = XCRemoteSwiftPackageReference;
			repositoryURL = "https://github.com/SDWebImage/SDWebImage.git";
			requirement = {
				kind = upToNextMajorVersion;
				minimumVersion = 5.0.0;
			};
		};
/* End XCRemoteSwiftPackageReference section */

/* Begin XCSwiftPackageProductDependency section */
		255CFD9828F268C500B3E6DA /* FirebaseAnalyticsSwift */ = {
			isa = XCSwiftPackageProductDependency;
			package = 255CFD9728F268C500B3E6DA /* XCRemoteSwiftPackageReference "firebase-ios-sdk" */;
			productName = FirebaseAnalyticsSwift;
		};
		255CFD9A28F268C500B3E6DA /* FirebaseAuth */ = {
			isa = XCSwiftPackageProductDependency;
			package = 255CFD9728F268C500B3E6DA /* XCRemoteSwiftPackageReference "firebase-ios-sdk" */;
			productName = FirebaseAuth;
		};
		255CFD9C28F268C500B3E6DA /* FirebaseCrashlytics */ = {
			isa = XCSwiftPackageProductDependency;
			package = 255CFD9728F268C500B3E6DA /* XCRemoteSwiftPackageReference "firebase-ios-sdk" */;
			productName = FirebaseCrashlytics;
		};
		255CFD9E28F268C500B3E6DA /* FirebaseDatabase */ = {
			isa = XCSwiftPackageProductDependency;
			package = 255CFD9728F268C500B3E6DA /* XCRemoteSwiftPackageReference "firebase-ios-sdk" */;
			productName = FirebaseDatabase;
		};
		255CFDA028F268C500B3E6DA /* FirebaseDatabaseSwift */ = {
			isa = XCSwiftPackageProductDependency;
			package = 255CFD9728F268C500B3E6DA /* XCRemoteSwiftPackageReference "firebase-ios-sdk" */;
			productName = FirebaseDatabaseSwift;
		};
		255CFDA228F268C500B3E6DA /* FirebaseInAppMessagingSwift-Beta */ = {
			isa = XCSwiftPackageProductDependency;
			package = 255CFD9728F268C500B3E6DA /* XCRemoteSwiftPackageReference "firebase-ios-sdk" */;
			productName = "FirebaseInAppMessagingSwift-Beta";
		};
		255CFDA428F268C500B3E6DA /* FirebaseRemoteConfigSwift */ = {
			isa = XCSwiftPackageProductDependency;
			package = 255CFD9728F268C500B3E6DA /* XCRemoteSwiftPackageReference "firebase-ios-sdk" */;
			productName = FirebaseRemoteConfigSwift;
		};
		255CFDA628F268C500B3E6DA /* FirebaseStorage */ = {
			isa = XCSwiftPackageProductDependency;
			package = 255CFD9728F268C500B3E6DA /* XCRemoteSwiftPackageReference "firebase-ios-sdk" */;
			productName = FirebaseStorage;
		};
		255CFDDD28F7712300B3E6DA /* SDWebImage */ = {
			isa = XCSwiftPackageProductDependency;
			package = 255CFDDC28F7712300B3E6DA /* XCRemoteSwiftPackageReference "SDWebImage" */;
			productName = SDWebImage;
		};
/* End XCSwiftPackageProductDependency section */
	};
	rootObject = 255CFD5D28EFBD2200B3E6DA /* Project object */;
}
